// !$*UTF8*$!
{
	archiveVersion = 1;
	classes = {
	};
	objectVersion = 50;
	objects = {

/* Begin PBXBuildFile section */
		D44A94E110236E5FC9AE11A1 /* libPods-DDMakerExample.a in Frameworks */ = {isa = PBXBuildFile; fileRef = D41B58331ECC199429F83316 /* libPods-DDMakerExample.a */; };
		EF02FDD220AD1EC400C34212 /* AppDelegate.m in Sources */ = {isa = PBXBuildFile; fileRef = EF02FDD120AD1EC400C34212 /* AppDelegate.m */; };
		EF02FDD520AD1EC400C34212 /* ViewController.m in Sources */ = {isa = PBXBuildFile; fileRef = EF02FDD420AD1EC400C34212 /* ViewController.m */; };
		EF02FDD820AD1EC400C34212 /* Main.storyboard in Resources */ = {isa = PBXBuildFile; fileRef = EF02FDD620AD1EC400C34212 /* Main.storyboard */; };
		EF02FDDA20AD1EC500C34212 /* Assets.xcassets in Resources */ = {isa = PBXBuildFile; fileRef = EF02FDD920AD1EC500C34212 /* Assets.xcassets */; };
		EF02FDDD20AD1EC500C34212 /* LaunchScreen.storyboard in Resources */ = {isa = PBXBuildFile; fileRef = EF02FDDB20AD1EC500C34212 /* LaunchScreen.storyboard */; };
		EF02FDE020AD1EC500C34212 /* main.m in Sources */ = {isa = PBXBuildFile; fileRef = EF02FDDF20AD1EC500C34212 /* main.m */; };
		EF02FDEB20AD236600C34212 /* DDViewMaker.m in Sources */ = {isa = PBXBuildFile; fileRef = EF02FDEA20AD236600C34212 /* DDViewMaker.m */; };
		EF02FDF020AD33A200C34212 /* DDButtonMaker.m in Sources */ = {isa = PBXBuildFile; fileRef = EF02FDEF20AD33A200C34212 /* DDButtonMaker.m */; };
		EF02FDF420AD454600C34212 /* DDTableViewMaker.m in Sources */ = {isa = PBXBuildFile; fileRef = EF02FDF320AD454600C34212 /* DDTableViewMaker.m */; };
		EF02FDF820AD474C00C34212 /* DDImageViewMaker.m in Sources */ = {isa = PBXBuildFile; fileRef = EF02FDF720AD474C00C34212 /* DDImageViewMaker.m */; };
		EF02FDFC20AD48AA00C34212 /* DDLabelMaker.m in Sources */ = {isa = PBXBuildFile; fileRef = EF02FDFB20AD48AA00C34212 /* DDLabelMaker.m */; };
		EF02FE0020AD4A8C00C34212 /* DDMutAttributedStringMaker.m in Sources */ = {isa = PBXBuildFile; fileRef = EF02FDFF20AD4A8C00C34212 /* DDMutAttributedStringMaker.m */; };
/* End PBXBuildFile section */

/* Begin PBXFileReference section */
		163090412251594097D9660F /* Pods-DDMakerExample.debug.xcconfig */ = {isa = PBXFileReference; includeInIndex = 1; lastKnownFileType = text.xcconfig; name = "Pods-DDMakerExample.debug.xcconfig"; path = "Pods/Target Support Files/Pods-DDMakerExample/Pods-DDMakerExample.debug.xcconfig"; sourceTree = "<group>"; };
		D41B58331ECC199429F83316 /* libPods-DDMakerExample.a */ = {isa = PBXFileReference; explicitFileType = archive.ar; includeInIndex = 0; path = "libPods-DDMakerExample.a"; sourceTree = BUILT_PRODUCTS_DIR; };
		EF02FDCD20AD1EC400C34212 /* DDMakerExample.app */ = {isa = PBXFileReference; explicitFileType = wrapper.application; includeInIndex = 0; path = DDMakerExample.app; sourceTree = BUILT_PRODUCTS_DIR; };
		EF02FDD020AD1EC400C34212 /* AppDelegate.h */ = {isa = PBXFileReference; lastKnownFileType = sourcecode.c.h; path = AppDelegate.h; sourceTree = "<group>"; };
		EF02FDD120AD1EC400C34212 /* AppDelegate.m */ = {isa = PBXFileReference; lastKnownFileType = sourcecode.c.objc; path = AppDelegate.m; sourceTree = "<group>"; };
		EF02FDD320AD1EC400C34212 /* ViewController.h */ = {isa = PBXFileReference; lastKnownFileType = sourcecode.c.h; path = ViewController.h; sourceTree = "<group>"; };
		EF02FDD420AD1EC400C34212 /* ViewController.m */ = {isa = PBXFileReference; lastKnownFileType = sourcecode.c.objc; path = ViewController.m; sourceTree = "<group>"; };
		EF02FDD720AD1EC400C34212 /* Base */ = {isa = PBXFileReference; lastKnownFileType = file.storyboard; name = Base; path = Base.lproj/Main.storyboard; sourceTree = "<group>"; };
		EF02FDD920AD1EC500C34212 /* Assets.xcassets */ = {isa = PBXFileReference; lastKnownFileType = folder.assetcatalog; path = Assets.xcassets; sourceTree = "<group>"; };
		EF02FDDC20AD1EC500C34212 /* Base */ = {isa = PBXFileReference; lastKnownFileType = file.storyboard; name = Base; path = Base.lproj/LaunchScreen.storyboard; sourceTree = "<group>"; };
		EF02FDDE20AD1EC500C34212 /* Info.plist */ = {isa = PBXFileReference; lastKnownFileType = text.plist.xml; path = Info.plist; sourceTree = "<group>"; };
		EF02FDDF20AD1EC500C34212 /* main.m */ = {isa = PBXFileReference; lastKnownFileType = sourcecode.c.objc; path = main.m; sourceTree = "<group>"; };
		EF02FDE720AD22FD00C34212 /* DDMaker.h */ = {isa = PBXFileReference; lastKnownFileType = sourcecode.c.h; path = DDMaker.h; sourceTree = "<group>"; };
		EF02FDE920AD236600C34212 /* DDViewMaker.h */ = {isa = PBXFileReference; lastKnownFileType = sourcecode.c.h; path = DDViewMaker.h; sourceTree = "<group>"; };
		EF02FDEA20AD236600C34212 /* DDViewMaker.m */ = {isa = PBXFileReference; lastKnownFileType = sourcecode.c.objc; path = DDViewMaker.m; sourceTree = "<group>"; };
		EF02FDEE20AD33A200C34212 /* DDButtonMaker.h */ = {isa = PBXFileReference; lastKnownFileType = sourcecode.c.h; path = DDButtonMaker.h; sourceTree = "<group>"; };
		EF02FDEF20AD33A200C34212 /* DDButtonMaker.m */ = {isa = PBXFileReference; lastKnownFileType = sourcecode.c.objc; path = DDButtonMaker.m; sourceTree = "<group>"; };
		EF02FDF220AD454600C34212 /* DDTableViewMaker.h */ = {isa = PBXFileReference; lastKnownFileType = sourcecode.c.h; path = DDTableViewMaker.h; sourceTree = "<group>"; };
		EF02FDF320AD454600C34212 /* DDTableViewMaker.m */ = {isa = PBXFileReference; lastKnownFileType = sourcecode.c.objc; path = DDTableViewMaker.m; sourceTree = "<group>"; };
		EF02FDF620AD474C00C34212 /* DDImageViewMaker.h */ = {isa = PBXFileReference; lastKnownFileType = sourcecode.c.h; path = DDImageViewMaker.h; sourceTree = "<group>"; };
		EF02FDF720AD474C00C34212 /* DDImageViewMaker.m */ = {isa = PBXFileReference; lastKnownFileType = sourcecode.c.objc; path = DDImageViewMaker.m; sourceTree = "<group>"; };
		EF02FDFA20AD48AA00C34212 /* DDLabelMaker.h */ = {isa = PBXFileReference; lastKnownFileType = sourcecode.c.h; path = DDLabelMaker.h; sourceTree = "<group>"; };
		EF02FDFB20AD48AA00C34212 /* DDLabelMaker.m */ = {isa = PBXFileReference; lastKnownFileType = sourcecode.c.objc; path = DDLabelMaker.m; sourceTree = "<group>"; };
		EF02FDFE20AD4A8C00C34212 /* DDMutAttributedStringMaker.h */ = {isa = PBXFileReference; lastKnownFileType = sourcecode.c.h; path = DDMutAttributedStringMaker.h; sourceTree = "<group>"; };
		EF02FDFF20AD4A8C00C34212 /* DDMutAttributedStringMaker.m */ = {isa = PBXFileReference; lastKnownFileType = sourcecode.c.objc; path = DDMutAttributedStringMaker.m; sourceTree = "<group>"; };
		F72262A78A1A03DEF4E02A8C /* Pods-DDMakerExample.release.xcconfig */ = {isa = PBXFileReference; includeInIndex = 1; lastKnownFileType = text.xcconfig; name = "Pods-DDMakerExample.release.xcconfig"; path = "Pods/Target Support Files/Pods-DDMakerExample/Pods-DDMakerExample.release.xcconfig"; sourceTree = "<group>"; };
/* End PBXFileReference section */

/* Begin PBXFrameworksBuildPhase section */
		EF02FDCA20AD1EC400C34212 /* Frameworks */ = {
			isa = PBXFrameworksBuildPhase;
			buildActionMask = 2147483647;
			files = (
				D44A94E110236E5FC9AE11A1 /* libPods-DDMakerExample.a in Frameworks */,
			);
			runOnlyForDeploymentPostprocessing = 0;
		};
/* End PBXFrameworksBuildPhase section */

/* Begin PBXGroup section */
		8E9270307B4D3DE322A65801 /* Frameworks */ = {
			isa = PBXGroup;
			children = (
				D41B58331ECC199429F83316 /* libPods-DDMakerExample.a */,
			);
			name = Frameworks;
			sourceTree = "<group>";
		};
		AD604475F6442D94D5A82912 /* Pods */ = {
			isa = PBXGroup;
			children = (
				163090412251594097D9660F /* Pods-DDMakerExample.debug.xcconfig */,
				F72262A78A1A03DEF4E02A8C /* Pods-DDMakerExample.release.xcconfig */,
			);
			name = Pods;
			sourceTree = "<group>";
		};
		EF02FDC420AD1EC400C34212 = {
			isa = PBXGroup;
			children = (
				EF02FDE620AD224800C34212 /* DDMaker */,
				EF02FDCF20AD1EC400C34212 /* DDMakerExample */,
				EF02FDCE20AD1EC400C34212 /* Products */,
				AD604475F6442D94D5A82912 /* Pods */,
				8E9270307B4D3DE322A65801 /* Frameworks */,
			);
			sourceTree = "<group>";
		};
		EF02FDCE20AD1EC400C34212 /* Products */ = {
			isa = PBXGroup;
			children = (
				EF02FDCD20AD1EC400C34212 /* DDMakerExample.app */,
			);
			name = Products;
			sourceTree = "<group>";
		};
		EF02FDCF20AD1EC400C34212 /* DDMakerExample */ = {
			isa = PBXGroup;
			children = (
				EF02FDD020AD1EC400C34212 /* AppDelegate.h */,
				EF02FDD120AD1EC400C34212 /* AppDelegate.m */,
				EF02FDD320AD1EC400C34212 /* ViewController.h */,
				EF02FDD420AD1EC400C34212 /* ViewController.m */,
				EF02FDD620AD1EC400C34212 /* Main.storyboard */,
				EF02FDD920AD1EC500C34212 /* Assets.xcassets */,
				EF02FDDB20AD1EC500C34212 /* LaunchScreen.storyboard */,
				EF02FDDE20AD1EC500C34212 /* Info.plist */,
				EF02FDDF20AD1EC500C34212 /* main.m */,
			);
			path = DDMakerExample;
			sourceTree = "<group>";
		};
		EF02FDE620AD224800C34212 /* DDMaker */ = {
			isa = PBXGroup;
			children = (
				EF02FDE720AD22FD00C34212 /* DDMaker.h */,
				EF02FDFD20AD4A6100C34212 /* DDMutAttributedStringMaker */,
				EF02FDE820AD231400C34212 /* DDViewMaker */,
				EF02FDED20AD335200C34212 /* DDButtonMaker */,
				EF02FDF120AD450500C34212 /* DDTableViewMaker */,
				EF02FDF520AD472000C34212 /* DDImageViewMaker */,
				EF02FDF920AD489000C34212 /* DDLabelMaker */,
			);
			path = DDMaker;
			sourceTree = "<group>";
		};
		EF02FDE820AD231400C34212 /* DDViewMaker */ = {
			isa = PBXGroup;
			children = (
				EF02FDE920AD236600C34212 /* DDViewMaker.h */,
				EF02FDEA20AD236600C34212 /* DDViewMaker.m */,
			);
			path = DDViewMaker;
			sourceTree = "<group>";
		};
		EF02FDED20AD335200C34212 /* DDButtonMaker */ = {
			isa = PBXGroup;
			children = (
				EF02FDEE20AD33A200C34212 /* DDButtonMaker.h */,
				EF02FDEF20AD33A200C34212 /* DDButtonMaker.m */,
			);
			path = DDButtonMaker;
			sourceTree = "<group>";
		};
		EF02FDF120AD450500C34212 /* DDTableViewMaker */ = {
			isa = PBXGroup;
			children = (
				EF02FDF220AD454600C34212 /* DDTableViewMaker.h */,
				EF02FDF320AD454600C34212 /* DDTableViewMaker.m */,
			);
			path = DDTableViewMaker;
			sourceTree = "<group>";
		};
		EF02FDF520AD472000C34212 /* DDImageViewMaker */ = {
			isa = PBXGroup;
			children = (
				EF02FDF620AD474C00C34212 /* DDImageViewMaker.h */,
				EF02FDF720AD474C00C34212 /* DDImageViewMaker.m */,
			);
			path = DDImageViewMaker;
			sourceTree = "<group>";
		};
		EF02FDF920AD489000C34212 /* DDLabelMaker */ = {
			isa = PBXGroup;
			children = (
				EF02FDFA20AD48AA00C34212 /* DDLabelMaker.h */,
				EF02FDFB20AD48AA00C34212 /* DDLabelMaker.m */,
			);
			path = DDLabelMaker;
			sourceTree = "<group>";
		};
		EF02FDFD20AD4A6100C34212 /* DDMutAttributedStringMaker */ = {
			isa = PBXGroup;
			children = (
				EF02FDFE20AD4A8C00C34212 /* DDMutAttributedStringMaker.h */,
				EF02FDFF20AD4A8C00C34212 /* DDMutAttributedStringMaker.m */,
			);
			path = DDMutAttributedStringMaker;
			sourceTree = "<group>";
		};
/* End PBXGroup section */

/* Begin PBXNativeTarget section */
		EF02FDCC20AD1EC400C34212 /* DDMakerExample */ = {
			isa = PBXNativeTarget;
			buildConfigurationList = EF02FDE320AD1EC500C34212 /* Build configuration list for PBXNativeTarget "DDMakerExample" */;
			buildPhases = (
				4F957D2B3FEFDFC7E03EF5A9 /* [CP] Check Pods Manifest.lock */,
				EF02FDC920AD1EC400C34212 /* Sources */,
				EF02FDCA20AD1EC400C34212 /* Frameworks */,
				EF02FDCB20AD1EC400C34212 /* Resources */,
				7E416E5CFCAF1029679DF56F /* [CP] Embed Pods Frameworks */,
				2323347CAD2681C74227B290 /* [CP] Copy Pods Resources */,
			);
			buildRules = (
			);
			dependencies = (
			);
			name = DDMakerExample;
			productName = DDMakerExample;
			productReference = EF02FDCD20AD1EC400C34212 /* DDMakerExample.app */;
			productType = "com.apple.product-type.application";
		};
/* End PBXNativeTarget section */

/* Begin PBXProject section */
		EF02FDC520AD1EC400C34212 /* Project object */ = {
			isa = PBXProject;
			attributes = {
				LastUpgradeCheck = 0930;
				ORGANIZATIONNAME = wl;
				TargetAttributes = {
					EF02FDCC20AD1EC400C34212 = {
						CreatedOnToolsVersion = 9.3;
					};
				};
			};
			buildConfigurationList = EF02FDC820AD1EC400C34212 /* Build configuration list for PBXProject "DDMakerExample" */;
			compatibilityVersion = "Xcode 9.3";
			developmentRegion = en;
			hasScannedForEncodings = 0;
			knownRegions = (
				en,
				Base,
			);
			mainGroup = EF02FDC420AD1EC400C34212;
			productRefGroup = EF02FDCE20AD1EC400C34212 /* Products */;
			projectDirPath = "";
			projectRoot = "";
			targets = (
				EF02FDCC20AD1EC400C34212 /* DDMakerExample */,
			);
		};
/* End PBXProject section */

/* Begin PBXResourcesBuildPhase section */
		EF02FDCB20AD1EC400C34212 /* Resources */ = {
			isa = PBXResourcesBuildPhase;
			buildActionMask = 2147483647;
			files = (
				EF02FDDD20AD1EC500C34212 /* LaunchScreen.storyboard in Resources */,
				EF02FDDA20AD1EC500C34212 /* Assets.xcassets in Resources */,
				EF02FDD820AD1EC400C34212 /* Main.storyboard in Resources */,
			);
			runOnlyForDeploymentPostprocessing = 0;
		};
/* End PBXResourcesBuildPhase section */

/* Begin PBXShellScriptBuildPhase section */
		2323347CAD2681C74227B290 /* [CP] Copy Pods Resources */ = {
			isa = PBXShellScriptBuildPhase;
			buildActionMask = 2147483647;
			files = (
			);
			inputPaths = (
			);
			name = "[CP] Copy Pods Resources";
			outputPaths = (
			);
			runOnlyForDeploymentPostprocessing = 0;
			shellPath = /bin/sh;
			shellScript = "\"${SRCROOT}/Pods/Target Support Files/Pods-DDMakerExample/Pods-DDMakerExample-resources.sh\"\n";
			showEnvVarsInLog = 0;
		};
		4F957D2B3FEFDFC7E03EF5A9 /* [CP] Check Pods Manifest.lock */ = {
			isa = PBXShellScriptBuildPhase;
			buildActionMask = 2147483647;
			files = (
			);
			inputPaths = (
			);
			name = "[CP] Check Pods Manifest.lock";
			outputPaths = (
			);
			runOnlyForDeploymentPostprocessing = 0;
			shellPath = /bin/sh;
			shellScript = "diff \"${PODS_PODFILE_DIR_PATH}/Podfile.lock\" \"${PODS_ROOT}/Manifest.lock\" > /dev/null\nif [ $? != 0 ] ; then\n    # print error to STDERR\n    echo \"error: The sandbox is not in sync with the Podfile.lock. Run 'pod install' or update your CocoaPods installation.\" >&2\n    exit 1\nfi\n";
			showEnvVarsInLog = 0;
		};
		7E416E5CFCAF1029679DF56F /* [CP] Embed Pods Frameworks */ = {
			isa = PBXShellScriptBuildPhase;
			buildActionMask = 2147483647;
			files = (
			);
			inputPaths = (
			);
			name = "[CP] Embed Pods Frameworks";
			outputPaths = (
			);
			runOnlyForDeploymentPostprocessing = 0;
			shellPath = /bin/sh;
			shellScript = "\"${SRCROOT}/Pods/Target Support Files/Pods-DDMakerExample/Pods-DDMakerExample-frameworks.sh\"\n";
			showEnvVarsInLog = 0;
		};
/* End PBXShellScriptBuildPhase section */

/* Begin PBXSourcesBuildPhase section */
		EF02FDC920AD1EC400C34212 /* Sources */ = {
			isa = PBXSourcesBuildPhase;
			buildActionMask = 2147483647;
			files = (
				EF02FDD520AD1EC400C34212 /* ViewController.m in Sources */,
				EF02FDFC20AD48AA00C34212 /* DDLabelMaker.m in Sources */,
				EF02FDE020AD1EC500C34212 /* main.m in Sources */,
				EF02FDD220AD1EC400C34212 /* AppDelegate.m in Sources */,
				EF02FDEB20AD236600C34212 /* DDViewMaker.m in Sources */,
				EF02FDF420AD454600C34212 /* DDTableViewMaker.m in Sources */,
				EF02FDF820AD474C00C34212 /* DDImageViewMaker.m in Sources */,
				EF02FDF020AD33A200C34212 /* DDButtonMaker.m in Sources */,
				EF02FE0020AD4A8C00C34212 /* DDMutAttributedStringMaker.m in Sources */,
			);
			runOnlyForDeploymentPostprocessing = 0;
		};
/* End PBXSourcesBuildPhase section */

/* Begin PBXVariantGroup section */
		EF02FDD620AD1EC400C34212 /* Main.storyboard */ = {
			isa = PBXVariantGroup;
			children = (
				EF02FDD720AD1EC400C34212 /* Base */,
			);
			name = Main.storyboard;
			sourceTree = "<group>";
		};
		EF02FDDB20AD1EC500C34212 /* LaunchScreen.storyboard */ = {
			isa = PBXVariantGroup;
			children = (
				EF02FDDC20AD1EC500C34212 /* Base */,
			);
			name = LaunchScreen.storyboard;
			sourceTree = "<group>";
		};
/* End PBXVariantGroup section */

/* Begin XCBuildConfiguration section */
		EF02FDE120AD1EC500C34212 /* Debug */ = {
			isa = XCBuildConfiguration;
			buildSettings = {
				ALWAYS_SEARCH_USER_PATHS = NO;
				CLANG_ANALYZER_NONNULL = YES;
				CLANG_ANALYZER_NUMBER_OBJECT_CONVERSION = YES_AGGRESSIVE;
				CLANG_CXX_LANGUAGE_STANDARD = "gnu++14";
				CLANG_CXX_LIBRARY = "libc++";
				CLANG_ENABLE_MODULES = YES;
				CLANG_ENABLE_OBJC_ARC = YES;
				CLANG_ENABLE_OBJC_WEAK = YES;
				CLANG_WARN_BLOCK_CAPTURE_AUTORELEASING = YES;
				CLANG_WARN_BOOL_CONVERSION = YES;
				CLANG_WARN_COMMA = YES;
				CLANG_WARN_CONSTANT_CONVERSION = YES;
				CLANG_WARN_DEPRECATED_OBJC_IMPLEMENTATIONS = YES;
				CLANG_WARN_DIRECT_OBJC_ISA_USAGE = YES_ERROR;
				CLANG_WARN_DOCUMENTATION_COMMENTS = YES;
				CLANG_WARN_EMPTY_BODY = YES;
				CLANG_WARN_ENUM_CONVERSION = YES;
				CLANG_WARN_INFINITE_RECURSION = YES;
				CLANG_WARN_INT_CONVERSION = YES;
				CLANG_WARN_NON_LITERAL_NULL_CONVERSION = YES;
				CLANG_WARN_OBJC_IMPLICIT_RETAIN_SELF = YES;
				CLANG_WARN_OBJC_LITERAL_CONVERSION = YES;
				CLANG_WARN_OBJC_ROOT_CLASS = YES_ERROR;
				CLANG_WARN_RANGE_LOOP_ANALYSIS = YES;
				CLANG_WARN_STRICT_PROTOTYPES = YES;
				CLANG_WARN_SUSPICIOUS_MOVE = YES;
				CLANG_WARN_UNGUARDED_AVAILABILITY = YES_AGGRESSIVE;
				CLANG_WARN_UNREACHABLE_CODE = YES;
				CLANG_WARN__DUPLICATE_METHOD_MATCH = YES;
				CODE_SIGN_IDENTITY = "iPhone Developer";
				COPY_PHASE_STRIP = NO;
				DEBUG_INFORMATION_FORMAT = dwarf;
				ENABLE_STRICT_OBJC_MSGSEND = YES;
				ENABLE_TESTABILITY = YES;
				GCC_C_LANGUAGE_STANDARD = gnu11;
				GCC_DYNAMIC_NO_PIC = NO;
				GCC_NO_COMMON_BLOCKS = YES;
				GCC_OPTIMIZATION_LEVEL = 0;
				GCC_PREPROCESSOR_DEFINITIONS = (
					"DEBUG=1",
					"$(inherited)",
				);
				GCC_WARN_64_TO_32_BIT_CONVERSION = YES;
				GCC_WARN_ABOUT_RETURN_TYPE = YES_ERROR;
				GCC_WARN_UNDECLARED_SELECTOR = YES;
				GCC_WARN_UNINITIALIZED_AUTOS = YES_AGGRESSIVE;
				GCC_WARN_UNUSED_FUNCTION = YES;
				GCC_WARN_UNUSED_VARIABLE = YES;
				IPHONEOS_DEPLOYMENT_TARGET = 11.3;
				MTL_ENABLE_DEBUG_INFO = YES;
				ONLY_ACTIVE_ARCH = YES;
				SDKROOT = iphoneos;
			};
			name = Debug;
		};
		EF02FDE220AD1EC500C34212 /* Release */ = {
			isa = XCBuildConfiguration;
			buildSettings = {
				ALWAYS_SEARCH_USER_PATHS = NO;
				CLANG_ANALYZER_NONNULL = YES;
				CLANG_ANALYZER_NUMBER_OBJECT_CONVERSION = YES_AGGRESSIVE;
				CLANG_CXX_LANGUAGE_STANDARD = "gnu++14";
				CLANG_CXX_LIBRARY = "libc++";
				CLANG_ENABLE_MODULES = YES;
				CLANG_ENABLE_OBJC_ARC = YES;
				CLANG_ENABLE_OBJC_WEAK = YES;
				CLANG_WARN_BLOCK_CAPTURE_AUTORELEASING = YES;
				CLANG_WARN_BOOL_CONVERSION = YES;
				CLANG_WARN_COMMA = YES;
				CLANG_WARN_CONSTANT_CONVERSION = YES;
				CLANG_WARN_DEPRECATED_OBJC_IMPLEMENTATIONS = YES;
				CLANG_WARN_DIRECT_OBJC_ISA_USAGE = YES_ERROR;
				CLANG_WARN_DOCUMENTATION_COMMENTS = YES;
				CLANG_WARN_EMPTY_BODY = YES;
				CLANG_WARN_ENUM_CONVERSION = YES;
				CLANG_WARN_INFINITE_RECURSION = YES;
				CLANG_WARN_INT_CONVERSION = YES;
				CLANG_WARN_NON_LITERAL_NULL_CONVERSION = YES;
				CLANG_WARN_OBJC_IMPLICIT_RETAIN_SELF = YES;
				CLANG_WARN_OBJC_LITERAL_CONVERSION = YES;
				CLANG_WARN_OBJC_ROOT_CLASS = YES_ERROR;
				CLANG_WARN_RANGE_LOOP_ANALYSIS = YES;
				CLANG_WARN_STRICT_PROTOTYPES = YES;
				CLANG_WARN_SUSPICIOUS_MOVE = YES;
				CLANG_WARN_UNGUARDED_AVAILABILITY = YES_AGGRESSIVE;
				CLANG_WARN_UNREACHABLE_CODE = YES;
				CLANG_WARN__DUPLICATE_METHOD_MATCH = YES;
				CODE_SIGN_IDENTITY = "iPhone Developer";
				COPY_PHASE_STRIP = NO;
				DEBUG_INFORMATION_FORMAT = "dwarf-with-dsym";
				ENABLE_NS_ASSERTIONS = NO;
				ENABLE_STRICT_OBJC_MSGSEND = YES;
				GCC_C_LANGUAGE_STANDARD = gnu11;
				GCC_NO_COMMON_BLOCKS = YES;
				GCC_WARN_64_TO_32_BIT_CONVERSION = YES;
				GCC_WARN_ABOUT_RETURN_TYPE = YES_ERROR;
				GCC_WARN_UNDECLARED_SELECTOR = YES;
				GCC_WARN_UNINITIALIZED_AUTOS = YES_AGGRESSIVE;
				GCC_WARN_UNUSED_FUNCTION = YES;
				GCC_WARN_UNUSED_VARIABLE = YES;
				IPHONEOS_DEPLOYMENT_TARGET = 11.3;
				MTL_ENABLE_DEBUG_INFO = NO;
				SDKROOT = iphoneos;
				VALIDATE_PRODUCT = YES;
			};
			name = Release;
		};
		EF02FDE420AD1EC500C34212 /* Debug */ = {
			isa = XCBuildConfiguration;
			baseConfigurationReference = 163090412251594097D9660F /* Pods-DDMakerExample.debug.xcconfig */;
			buildSettings = {
				ASSETCATALOG_COMPILER_APPICON_NAME = AppIcon;
				CODE_SIGN_STYLE = Automatic;
				INFOPLIST_FILE = DDMakerExample/Info.plist;
				LD_RUNPATH_SEARCH_PATHS = (
					"$(inherited)",
					"@executable_path/Frameworks",
				);
				PRODUCT_BUNDLE_IDENTIFIER = wl.DDMakerExample;
				PRODUCT_NAME = "$(TARGET_NAME)";
				TARGETED_DEVICE_FAMILY = "1,2";
			};
			name = Debug;
		};
		EF02FDE520AD1EC500C34212 /* Release */ = {
			isa = XCBuildConfiguration;
			baseConfigurationReference = F72262A78A1A03DEF4E02A8C /* Pods-DDMakerExample.release.xcconfig */;
			buildSettings = {
				ASSETCATALOG_COMPILER_APPICON_NAME = AppIcon;
				CODE_SIGN_STYLE = Automatic;
				INFOPLIST_FILE = DDMakerExample/Info.plist;
				LD_RUNPATH_SEARCH_PATHS = (
					"$(inherited)",
					"@executable_path/Frameworks",
				);
				PRODUCT_BUNDLE_IDENTIFIER = wl.DDMakerExample;
				PRODUCT_NAME = "$(TARGET_NAME)";
				TARGETED_DEVICE_FAMILY = "1,2";
			};
			name = Release;
		};
/* End XCBuildConfiguration section */

/* Begin XCConfigurationList section */
		EF02FDC820AD1EC400C34212 /* Build configuration list for PBXProject "DDMakerExample" */ = {
			isa = XCConfigurationList;
			buildConfigurations = (
				EF02FDE120AD1EC500C34212 /* Debug */,
				EF02FDE220AD1EC500C34212 /* Release */,
			);
			defaultConfigurationIsVisible = 0;
			defaultConfigurationName = Release;
		};
		EF02FDE320AD1EC500C34212 /* Build configuration list for PBXNativeTarget "DDMakerExample" */ = {
			isa = XCConfigurationList;
			buildConfigurations = (
				EF02FDE420AD1EC500C34212 /* Debug */,
				EF02FDE520AD1EC500C34212 /* Release */,
			);
			defaultConfigurationIsVisible = 0;
			defaultConfigurationName = Release;
		};
/* End XCConfigurationList section */
	};
	rootObject = EF02FDC520AD1EC400C34212 /* Project object */;
}
